
Microsoft Visual Studio Solution File, Format Version 12.00
# Visual Studio 15
VisualStudioVersion = 15.0.28307.1758
MinimumVisualStudioVersion = 10.0.40219.1
Project("{FAE04EC0-301F-11D3-BF4B-00C04F79EFBC}") = "Web-based Learning System", "Web-based Learning System\Web-based Learning System.csproj", "{AE88199D-F768-4A21-BE5A-7DF1E62E60DA}"
EndProject
Global
	GlobalSection(SolutionConfigurationPlatforms) = preSolution
		Debug|Any CPU = Debug|Any CPU
		Release|Any CPU = Release|Any CPU
	EndGlobalSection
	GlobalSection(ProjectConfigurationPlatforms) = postSolution
		{AE88199D-F768-4A21-BE5A-7DF1E62E60DA}.Debug|Any CPU.ActiveCfg = Debug|Any CPU
		{AE88199D-F768-4A21-BE5A-7DF1E62E60DA}.Debug|Any CPU.Build.0 = Debug|Any CPU
		{AE88199D-F768-4A21-BE5A-7DF1E62E60DA}.Release|Any CPU.ActiveCfg = Release|Any CPU
		{AE88199D-F768-4A21-BE5A-7DF1E62E60DA}.Release|Any CPU.Build.0 = Release|Any CPU
	EndGlobalSection
	GlobalSection(SolutionProperties) = preSolution
		HideSolutionNode = FALSE
	EndGlobalSection
	GlobalSection(ExtensibilityGlobals) = postSolution
		SolutionGuid = {0D81CBEE-B92F-4765-8F03-5207CE3E8F18}
	EndGlobalSection
EndGlobal
